
Microsoft Visual Studio Solution File, Format Version 12.00
# Visual Studio Version 17
VisualStudioVersion = 17.1.32421.90
MinimumVisualStudioVersion = 10.0.40219.1
Project("{FAE04EC0-301F-11D3-BF4B-00C04F79EFBC}") = "test", "test.csproj", "{65958299-B0F8-491D-B2A4-547841B0E978}"
EndProject
Global
	GlobalSection(SolutionConfigurationPlatforms) = preSolution
		Debug|Any CPU = Debug|Any CPU
		Release|Any CPU = Release|Any CPU
	EndGlobalSection
	GlobalSection(ProjectConfigurationPlatforms) = postSolution
		{65958299-B0F8-491D-B2A4-547841B0E978}.Debug|Any CPU.ActiveCfg = Debug|Any CPU
		{65958299-B0F8-491D-B2A4-547841B0E978}.Debug|Any CPU.Build.0 = Debug|Any CPU
		{65958299-B0F8-491D-B2A4-547841B0E978}.Release|Any CPU.ActiveCfg = Release|Any CPU
		{65958299-B0F8-491D-B2A4-547841B0E978}.Release|Any CPU.Build.0 = Release|Any CPU
	EndGlobalSection
	GlobalSection(SolutionProperties) = preSolution
		HideSolutionNode = FALSE
	EndGlobalSection
	GlobalSection(ExtensibilityGlobals) = postSolution
		SolutionGuid = {D5492C6F-9CB9-417D-B8F2-94D35C8F9A18}
	EndGlobalSection
EndGlobal
