
Microsoft Visual Studio Solution File, Format Version 12.00
# Visual Studio Version 17
VisualStudioVersion = 17.1.32328.378
MinimumVisualStudioVersion = 10.0.40219.1
Project("{9A19103F-16F7-4668-BE54-9A1E7A4F7556}") = "APP.API", "WebApplication1\APP.API.csproj", "{9D5F402A-A42E-4F59-8E50-4D5868013E4F}"
EndProject
Project("{9A19103F-16F7-4668-BE54-9A1E7A4F7556}") = "APP.DataLogic", "APP.DataLogic\APP.DataLogic.csproj", "{65EA386F-E0F0-4080-AE88-8C486C0F92B0}"
EndProject
Project("{9A19103F-16F7-4668-BE54-9A1E7A4F7556}") = "APP.BusinessLogic", "APP.BusinessLogic\APP.BusinessLogic.csproj", "{8F0E348D-98B5-4C51-949E-BF0AFA0A976E}"
EndProject
Global
	GlobalSection(SolutionConfigurationPlatforms) = preSolution
		Debug|Any CPU = Debug|Any CPU
		Release|Any CPU = Release|Any CPU
	EndGlobalSection
	GlobalSection(ProjectConfigurationPlatforms) = postSolution
		{9D5F402A-A42E-4F59-8E50-4D5868013E4F}.Debug|Any CPU.ActiveCfg = Debug|Any CPU
		{9D5F402A-A42E-4F59-8E50-4D5868013E4F}.Debug|Any CPU.Build.0 = Debug|Any CPU
		{9D5F402A-A42E-4F59-8E50-4D5868013E4F}.Release|Any CPU.ActiveCfg = Release|Any CPU
		{9D5F402A-A42E-4F59-8E50-4D5868013E4F}.Release|Any CPU.Build.0 = Release|Any CPU
		{65EA386F-E0F0-4080-AE88-8C486C0F92B0}.Debug|Any CPU.ActiveCfg = Debug|Any CPU
		{65EA386F-E0F0-4080-AE88-8C486C0F92B0}.Debug|Any CPU.Build.0 = Debug|Any CPU
		{65EA386F-E0F0-4080-AE88-8C486C0F92B0}.Release|Any CPU.ActiveCfg = Release|Any CPU
		{65EA386F-E0F0-4080-AE88-8C486C0F92B0}.Release|Any CPU.Build.0 = Release|Any CPU
		{8F0E348D-98B5-4C51-949E-BF0AFA0A976E}.Debug|Any CPU.ActiveCfg = Debug|Any CPU
		{8F0E348D-98B5-4C51-949E-BF0AFA0A976E}.Debug|Any CPU.Build.0 = Debug|Any CPU
		{8F0E348D-98B5-4C51-949E-BF0AFA0A976E}.Release|Any CPU.ActiveCfg = Release|Any CPU
		{8F0E348D-98B5-4C51-949E-BF0AFA0A976E}.Release|Any CPU.Build.0 = Release|Any CPU
	EndGlobalSection
	GlobalSection(SolutionProperties) = preSolution
		HideSolutionNode = FALSE
	EndGlobalSection
	GlobalSection(ExtensibilityGlobals) = postSolution
		SolutionGuid = {20D038FD-8648-49B5-A652-C1ADBC8A5456}
	EndGlobalSection
EndGlobal
